// !$*UTF8*$!
{
	archiveVersion = 1;
	classes = {
	};
	objectVersion = 55;
	objects = {

/* Begin PBXBuildFile section */
		C331A1D027E75C31004BE60C /* UserTableViewCell.swift in Sources */ = {isa = PBXBuildFile; fileRef = C331A1CF27E75C31004BE60C /* UserTableViewCell.swift */; };
		C331A1F227EE5D3A004BE60C /* AddUserViewController.swift in Sources */ = {isa = PBXBuildFile; fileRef = C331A1F127EE5D3A004BE60C /* AddUserViewController.swift */; };
		C331A1F827EF1F20004BE60C /* UserDefaultsKeys.swift in Sources */ = {isa = PBXBuildFile; fileRef = C331A1F727EF1F20004BE60C /* UserDefaultsKeys.swift */; };
		C379E6A727DCF85100B75FFA /* AppDelegate.swift in Sources */ = {isa = PBXBuildFile; fileRef = C379E6A627DCF85100B75FFA /* AppDelegate.swift */; };
		C379E6A927DCF85100B75FFA /* SceneDelegate.swift in Sources */ = {isa = PBXBuildFile; fileRef = C379E6A827DCF85100B75FFA /* SceneDelegate.swift */; };
		C379E6AB27DCF85100B75FFA /* ViewController.swift in Sources */ = {isa = PBXBuildFile; fileRef = C379E6AA27DCF85100B75FFA /* ViewController.swift */; };
		C379E6B027DCF85400B75FFA /* Assets.xcassets in Resources */ = {isa = PBXBuildFile; fileRef = C379E6AF27DCF85400B75FFA /* Assets.xcassets */; };
		C379E6B327DCF85400B75FFA /* LaunchScreen.storyboard in Resources */ = {isa = PBXBuildFile; fileRef = C379E6B127DCF85400B75FFA /* LaunchScreen.storyboard */; };
		C379E6BB27DCFB8600B75FFA /* FavoritesViewController.swift in Sources */ = {isa = PBXBuildFile; fileRef = C379E6BA27DCFB8600B75FFA /* FavoritesViewController.swift */; };
		C379E6BD27DCFBA300B75FFA /* MainListViewController.swift in Sources */ = {isa = PBXBuildFile; fileRef = C379E6BC27DCFBA300B75FFA /* MainListViewController.swift */; };
		C379E6BF27DCFBAF00B75FFA /* SettingsViewController.swift in Sources */ = {isa = PBXBuildFile; fileRef = C379E6BE27DCFBAF00B75FFA /* SettingsViewController.swift */; };
		C379E6C227DD10AA00B75FFA /* UtilNetwork.swift in Sources */ = {isa = PBXBuildFile; fileRef = C379E6C127DD10AA00B75FFA /* UtilNetwork.swift */; };
		C379E6C427DDC62F00B75FFA /* User.swift in Sources */ = {isa = PBXBuildFile; fileRef = C379E6C327DDC62F00B75FFA /* User.swift */; };
		C379E6C627DDEC0700B75FFA /* Users.json in Resources */ = {isa = PBXBuildFile; fileRef = C379E6C527DDEC0700B75FFA /* Users.json */; };
		C3E406BB27FE1E5000F2E66F /* UsersViewModel.swift in Sources */ = {isa = PBXBuildFile; fileRef = C3E406BA27FE1E4F00F2E66F /* UsersViewModel.swift */; };
		C3E406BE2800BD6B00F2E66F /* UITextField+Combine.swift in Sources */ = {isa = PBXBuildFile; fileRef = C3E406BD2800BD6A00F2E66F /* UITextField+Combine.swift */; };
		C3E406C02800BEA500F2E66F /* CombineControlProperty.swift in Sources */ = {isa = PBXBuildFile; fileRef = C3E406BF2800BEA500F2E66F /* CombineControlProperty.swift */; };
		C3E406C42800C53300F2E66F /* ProjectStrings.swift in Sources */ = {isa = PBXBuildFile; fileRef = C3E406C32800C53300F2E66F /* ProjectStrings.swift */; };
/* End PBXBuildFile section */

/* Begin PBXFileReference section */
		C331A1CF27E75C31004BE60C /* UserTableViewCell.swift */ = {isa = PBXFileReference; lastKnownFileType = sourcecode.swift; path = UserTableViewCell.swift; sourceTree = "<group>"; };
		C331A1F127EE5D3A004BE60C /* AddUserViewController.swift */ = {isa = PBXFileReference; lastKnownFileType = sourcecode.swift; path = AddUserViewController.swift; sourceTree = "<group>"; };
		C331A1F727EF1F20004BE60C /* UserDefaultsKeys.swift */ = {isa = PBXFileReference; lastKnownFileType = sourcecode.swift; path = UserDefaultsKeys.swift; sourceTree = "<group>"; };
		C379E6A327DCF85100B75FFA /* TableWithDragAndDrop.app */ = {isa = PBXFileReference; explicitFileType = wrapper.application; includeInIndex = 0; path = TableWithDragAndDrop.app; sourceTree = BUILT_PRODUCTS_DIR; };
		C379E6A627DCF85100B75FFA /* AppDelegate.swift */ = {isa = PBXFileReference; lastKnownFileType = sourcecode.swift; path = AppDelegate.swift; sourceTree = "<group>"; };
		C379E6A827DCF85100B75FFA /* SceneDelegate.swift */ = {isa = PBXFileReference; lastKnownFileType = sourcecode.swift; path = SceneDelegate.swift; sourceTree = "<group>"; };
		C379E6AA27DCF85100B75FFA /* ViewController.swift */ = {isa = PBXFileReference; lastKnownFileType = sourcecode.swift; path = ViewController.swift; sourceTree = "<group>"; };
		C379E6AF27DCF85400B75FFA /* Assets.xcassets */ = {isa = PBXFileReference; lastKnownFileType = folder.assetcatalog; path = Assets.xcassets; sourceTree = "<group>"; };
		C379E6B227DCF85400B75FFA /* Base */ = {isa = PBXFileReference; lastKnownFileType = file.storyboard; name = Base; path = Base.lproj/LaunchScreen.storyboard; sourceTree = "<group>"; };
		C379E6B427DCF85400B75FFA /* Info.plist */ = {isa = PBXFileReference; lastKnownFileType = text.plist.xml; path = Info.plist; sourceTree = "<group>"; };
		C379E6BA27DCFB8600B75FFA /* FavoritesViewController.swift */ = {isa = PBXFileReference; lastKnownFileType = sourcecode.swift; path = FavoritesViewController.swift; sourceTree = "<group>"; };
		C379E6BC27DCFBA300B75FFA /* MainListViewController.swift */ = {isa = PBXFileReference; lastKnownFileType = sourcecode.swift; path = MainListViewController.swift; sourceTree = "<group>"; };
		C379E6BE27DCFBAF00B75FFA /* SettingsViewController.swift */ = {isa = PBXFileReference; lastKnownFileType = sourcecode.swift; path = SettingsViewController.swift; sourceTree = "<group>"; };
		C379E6C127DD10AA00B75FFA /* UtilNetwork.swift */ = {isa = PBXFileReference; lastKnownFileType = sourcecode.swift; path = UtilNetwork.swift; sourceTree = "<group>"; };
		C379E6C327DDC62F00B75FFA /* User.swift */ = {isa = PBXFileReference; lastKnownFileType = sourcecode.swift; path = User.swift; sourceTree = "<group>"; };
		C379E6C527DDEC0700B75FFA /* Users.json */ = {isa = PBXFileReference; lastKnownFileType = text.json; path = Users.json; sourceTree = "<group>"; };
		C3E406BA27FE1E4F00F2E66F /* UsersViewModel.swift */ = {isa = PBXFileReference; lastKnownFileType = sourcecode.swift; path = UsersViewModel.swift; sourceTree = "<group>"; };
		C3E406BD2800BD6A00F2E66F /* UITextField+Combine.swift */ = {isa = PBXFileReference; lastKnownFileType = sourcecode.swift; path = "UITextField+Combine.swift"; sourceTree = "<group>"; };
		C3E406BF2800BEA500F2E66F /* CombineControlProperty.swift */ = {isa = PBXFileReference; lastKnownFileType = sourcecode.swift; path = CombineControlProperty.swift; sourceTree = "<group>"; };
		C3E406C32800C53300F2E66F /* ProjectStrings.swift */ = {isa = PBXFileReference; lastKnownFileType = sourcecode.swift; path = ProjectStrings.swift; sourceTree = "<group>"; };
/* End PBXFileReference section */

/* Begin PBXFrameworksBuildPhase section */
		C379E6A027DCF85100B75FFA /* Frameworks */ = {
			isa = PBXFrameworksBuildPhase;
			buildActionMask = 2147483647;
			files = (
			);
			runOnlyForDeploymentPostprocessing = 0;
		};
/* End PBXFrameworksBuildPhase section */

/* Begin PBXGroup section */
		C331A1F327EEE5CF004BE60C /* LifecycleFiles */ = {
			isa = PBXGroup;
			children = (
				C379E6A627DCF85100B75FFA /* AppDelegate.swift */,
				C379E6A827DCF85100B75FFA /* SceneDelegate.swift */,
			);
			path = LifecycleFiles;
			sourceTree = "<group>";
		};
		C331A1F427EEE626004BE60C /* ViewControllers */ = {
			isa = PBXGroup;
			children = (
				C379E6AA27DCF85100B75FFA /* ViewController.swift */,
				C379E6C027DCFE2200B75FFA /* Tabs */,
				C3E406C22800C4C900F2E66F /* Other */,
			);
			path = ViewControllers;
			sourceTree = "<group>";
		};
		C331A1F527EEE655004BE60C /* Model */ = {
			isa = PBXGroup;
			children = (
				C379E6C327DDC62F00B75FFA /* User.swift */,
			);
			path = Model;
			sourceTree = "<group>";
		};
		C331A1F627EEE680004BE60C /* Utils */ = {
			isa = PBXGroup;
			children = (
				C379E6C127DD10AA00B75FFA /* UtilNetwork.swift */,
				C331A1F727EF1F20004BE60C /* UserDefaultsKeys.swift */,
				C3E406C32800C53300F2E66F /* ProjectStrings.swift */,
			);
			path = Utils;
			sourceTree = "<group>";
		};
		C379E69A27DCF85100B75FFA = {
			isa = PBXGroup;
			children = (
				C379E6A527DCF85100B75FFA /* TableWithDragAndDrop */,
				C379E6A427DCF85100B75FFA /* Products */,
			);
			sourceTree = "<group>";
		};
		C379E6A427DCF85100B75FFA /* Products */ = {
			isa = PBXGroup;
			children = (
				C379E6A327DCF85100B75FFA /* TableWithDragAndDrop.app */,
			);
			name = Products;
			sourceTree = "<group>";
		};
		C379E6A527DCF85100B75FFA /* TableWithDragAndDrop */ = {
			isa = PBXGroup;
			children = (
				C331A1F327EEE5CF004BE60C /* LifecycleFiles */,
				C331A1F427EEE626004BE60C /* ViewControllers */,
				C331A1F527EEE655004BE60C /* Model */,
				C3E406BC27FE1E5D00F2E66F /* ViewModel */,
				C331A1F627EEE680004BE60C /* Utils */,
				C3E406C12800C07900F2E66F /* UIKit+CombneHelpers */,
				C331A1CF27E75C31004BE60C /* UserTableViewCell.swift */,
				C379E6AF27DCF85400B75FFA /* Assets.xcassets */,
				C379E6B127DCF85400B75FFA /* LaunchScreen.storyboard */,
				C379E6B427DCF85400B75FFA /* Info.plist */,
				C379E6C527DDEC0700B75FFA /* Users.json */,
			);
			path = TableWithDragAndDrop;
			sourceTree = "<group>";
		};
		C379E6C027DCFE2200B75FFA /* Tabs */ = {
			isa = PBXGroup;
			children = (
				C379E6BA27DCFB8600B75FFA /* FavoritesViewController.swift */,
				C379E6BC27DCFBA300B75FFA /* MainListViewController.swift */,
				C379E6BE27DCFBAF00B75FFA /* SettingsViewController.swift */,
			);
			path = Tabs;
			sourceTree = "<group>";
		};
		C3E406BC27FE1E5D00F2E66F /* ViewModel */ = {
			isa = PBXGroup;
			children = (
				C3E406BA27FE1E4F00F2E66F /* UsersViewModel.swift */,
			);
			path = ViewModel;
			sourceTree = "<group>";
		};
		C3E406C12800C07900F2E66F /* UIKit+CombneHelpers */ = {
			isa = PBXGroup;
			children = (
				C3E406BF2800BEA500F2E66F /* CombineControlProperty.swift */,
				C3E406BD2800BD6A00F2E66F /* UITextField+Combine.swift */,
			);
			path = "UIKit+CombneHelpers";
			sourceTree = "<group>";
		};
		C3E406C22800C4C900F2E66F /* Other */ = {
			isa = PBXGroup;
			children = (
				C331A1F127EE5D3A004BE60C /* AddUserViewController.swift */,
			);
			path = Other;
			sourceTree = "<group>";
		};
/* End PBXGroup section */

/* Begin PBXNativeTarget section */
		C379E6A227DCF85100B75FFA /* TableWithDragAndDrop */ = {
			isa = PBXNativeTarget;
			buildConfigurationList = C379E6B727DCF85400B75FFA /* Build configuration list for PBXNativeTarget "TableWithDragAndDrop" */;
			buildPhases = (
				C379E69F27DCF85100B75FFA /* Sources */,
				C379E6A027DCF85100B75FFA /* Frameworks */,
				C379E6A127DCF85100B75FFA /* Resources */,
			);
			buildRules = (
			);
			dependencies = (
			);
			name = TableWithDragAndDrop;
			productName = TableWithDragAndDrop;
			productReference = C379E6A327DCF85100B75FFA /* TableWithDragAndDrop.app */;
			productType = "com.apple.product-type.application";
		};
/* End PBXNativeTarget section */

/* Begin PBXProject section */
		C379E69B27DCF85100B75FFA /* Project object */ = {
			isa = PBXProject;
			attributes = {
				BuildIndependentTargetsInParallel = 1;
				LastSwiftUpdateCheck = 1310;
				LastUpgradeCheck = 1310;
				TargetAttributes = {
					C379E6A227DCF85100B75FFA = {
						CreatedOnToolsVersion = 13.1;
					};
				};
			};
			buildConfigurationList = C379E69E27DCF85100B75FFA /* Build configuration list for PBXProject "TableWithDragAndDrop" */;
			compatibilityVersion = "Xcode 13.0";
			developmentRegion = en;
			hasScannedForEncodings = 0;
			knownRegions = (
				en,
				Base,
			);
			mainGroup = C379E69A27DCF85100B75FFA;
			productRefGroup = C379E6A427DCF85100B75FFA /* Products */;
			projectDirPath = "";
			projectRoot = "";
			targets = (
				C379E6A227DCF85100B75FFA /* TableWithDragAndDrop */,
			);
		};
/* End PBXProject section */

/* Begin PBXResourcesBuildPhase section */
		C379E6A127DCF85100B75FFA /* Resources */ = {
			isa = PBXResourcesBuildPhase;
			buildActionMask = 2147483647;
			files = (
				C379E6C627DDEC0700B75FFA /* Users.json in Resources */,
				C379E6B327DCF85400B75FFA /* LaunchScreen.storyboard in Resources */,
				C379E6B027DCF85400B75FFA /* Assets.xcassets in Resources */,
			);
			runOnlyForDeploymentPostprocessing = 0;
		};
/* End PBXResourcesBuildPhase section */

/* Begin PBXSourcesBuildPhase section */
		C379E69F27DCF85100B75FFA /* Sources */ = {
			isa = PBXSourcesBuildPhase;
			buildActionMask = 2147483647;
			files = (
				C3E406BE2800BD6B00F2E66F /* UITextField+Combine.swift in Sources */,
				C379E6AB27DCF85100B75FFA /* ViewController.swift in Sources */,
				C3E406BB27FE1E5000F2E66F /* UsersViewModel.swift in Sources */,
				C331A1D027E75C31004BE60C /* UserTableViewCell.swift in Sources */,
				C3E406C02800BEA500F2E66F /* CombineControlProperty.swift in Sources */,
				C379E6A727DCF85100B75FFA /* AppDelegate.swift in Sources */,
				C379E6BB27DCFB8600B75FFA /* FavoritesViewController.swift in Sources */,
				C3E406C42800C53300F2E66F /* ProjectStrings.swift in Sources */,
				C379E6BD27DCFBA300B75FFA /* MainListViewController.swift in Sources */,
				C331A1F827EF1F20004BE60C /* UserDefaultsKeys.swift in Sources */,
				C331A1F227EE5D3A004BE60C /* AddUserViewController.swift in Sources */,
				C379E6C427DDC62F00B75FFA /* User.swift in Sources */,
				C379E6A927DCF85100B75FFA /* SceneDelegate.swift in Sources */,
				C379E6C227DD10AA00B75FFA /* UtilNetwork.swift in Sources */,
				C379E6BF27DCFBAF00B75FFA /* SettingsViewController.swift in Sources */,
			);
			runOnlyForDeploymentPostprocessing = 0;
		};
/* End PBXSourcesBuildPhase section */

/* Begin PBXVariantGroup section */
		C379E6B127DCF85400B75FFA /* LaunchScreen.storyboard */ = {
			isa = PBXVariantGroup;
			children = (
				C379E6B227DCF85400B75FFA /* Base */,
			);
			name = LaunchScreen.storyboard;
			sourceTree = "<group>";
		};
/* End PBXVariantGroup section */

/* Begin XCBuildConfiguration section */
		C379E6B527DCF85400B75FFA /* Debug */ = {
			isa = XCBuildConfiguration;
			buildSettings = {
				ALWAYS_SEARCH_USER_PATHS = NO;
				CLANG_ANALYZER_NONNULL = YES;
				CLANG_ANALYZER_NUMBER_OBJECT_CONVERSION = YES_AGGRESSIVE;
				CLANG_CXX_LANGUAGE_STANDARD = "gnu++17";
				CLANG_CXX_LIBRARY = "libc++";
				CLANG_ENABLE_MODULES = YES;
				CLANG_ENABLE_OBJC_ARC = YES;
				CLANG_ENABLE_OBJC_WEAK = YES;
				CLANG_WARN_BLOCK_CAPTURE_AUTORELEASING = YES;
				CLANG_WARN_BOOL_CONVERSION = YES;
				CLANG_WARN_COMMA = YES;
				CLANG_WARN_CONSTANT_CONVERSION = YES;
				CLANG_WARN_DEPRECATED_OBJC_IMPLEMENTATIONS = YES;
				CLANG_WARN_DIRECT_OBJC_ISA_USAGE = YES_ERROR;
				CLANG_WARN_DOCUMENTATION_COMMENTS = YES;
				CLANG_WARN_EMPTY_BODY = YES;
				CLANG_WARN_ENUM_CONVERSION = YES;
				CLANG_WARN_INFINITE_RECURSION = YES;
				CLANG_WARN_INT_CONVERSION = YES;
				CLANG_WARN_NON_LITERAL_NULL_CONVERSION = YES;
				CLANG_WARN_OBJC_IMPLICIT_RETAIN_SELF = YES;
				CLANG_WARN_OBJC_LITERAL_CONVERSION = YES;
				CLANG_WARN_OBJC_ROOT_CLASS = YES_ERROR;
				CLANG_WARN_QUOTED_INCLUDE_IN_FRAMEWORK_HEADER = YES;
				CLANG_WARN_RANGE_LOOP_ANALYSIS = YES;
				CLANG_WARN_STRICT_PROTOTYPES = YES;
				CLANG_WARN_SUSPICIOUS_MOVE = YES;
				CLANG_WARN_UNGUARDED_AVAILABILITY = YES_AGGRESSIVE;
				CLANG_WARN_UNREACHABLE_CODE = YES;
				CLANG_WARN__DUPLICATE_METHOD_MATCH = YES;
				COPY_PHASE_STRIP = NO;
				DEBUG_INFORMATION_FORMAT = dwarf;
				ENABLE_STRICT_OBJC_MSGSEND = YES;
				ENABLE_TESTABILITY = YES;
				GCC_C_LANGUAGE_STANDARD = gnu11;
				GCC_DYNAMIC_NO_PIC = NO;
				GCC_NO_COMMON_BLOCKS = YES;
				GCC_OPTIMIZATION_LEVEL = 0;
				GCC_PREPROCESSOR_DEFINITIONS = (
					"DEBUG=1",
					"$(inherited)",
				);
				GCC_WARN_64_TO_32_BIT_CONVERSION = YES;
				GCC_WARN_ABOUT_RETURN_TYPE = YES_ERROR;
				GCC_WARN_UNDECLARED_SELECTOR = YES;
				GCC_WARN_UNINITIALIZED_AUTOS = YES_AGGRESSIVE;
				GCC_WARN_UNUSED_FUNCTION = YES;
				GCC_WARN_UNUSED_VARIABLE = YES;
				IPHONEOS_DEPLOYMENT_TARGET = 15.0;
				MTL_ENABLE_DEBUG_INFO = INCLUDE_SOURCE;
				MTL_FAST_MATH = YES;
				ONLY_ACTIVE_ARCH = YES;
				SDKROOT = iphoneos;
				SWIFT_ACTIVE_COMPILATION_CONDITIONS = DEBUG;
				SWIFT_OPTIMIZATION_LEVEL = "-Onone";
			};
			name = Debug;
		};
		C379E6B627DCF85400B75FFA /* Release */ = {
			isa = XCBuildConfiguration;
			buildSettings = {
				ALWAYS_SEARCH_USER_PATHS = NO;
				CLANG_ANALYZER_NONNULL = YES;
				CLANG_ANALYZER_NUMBER_OBJECT_CONVERSION = YES_AGGRESSIVE;
				CLANG_CXX_LANGUAGE_STANDARD = "gnu++17";
				CLANG_CXX_LIBRARY = "libc++";
				CLANG_ENABLE_MODULES = YES;
				CLANG_ENABLE_OBJC_ARC = YES;
				CLANG_ENABLE_OBJC_WEAK = YES;
				CLANG_WARN_BLOCK_CAPTURE_AUTORELEASING = YES;
				CLANG_WARN_BOOL_CONVERSION = YES;
				CLANG_WARN_COMMA = YES;
				CLANG_WARN_CONSTANT_CONVERSION = YES;
				CLANG_WARN_DEPRECATED_OBJC_IMPLEMENTATIONS = YES;
				CLANG_WARN_DIRECT_OBJC_ISA_USAGE = YES_ERROR;
				CLANG_WARN_DOCUMENTATION_COMMENTS = YES;
				CLANG_WARN_EMPTY_BODY = YES;
				CLANG_WARN_ENUM_CONVERSION = YES;
				CLANG_WARN_INFINITE_RECURSION = YES;
				CLANG_WARN_INT_CONVERSION = YES;
				CLANG_WARN_NON_LITERAL_NULL_CONVERSION = YES;
				CLANG_WARN_OBJC_IMPLICIT_RETAIN_SELF = YES;
				CLANG_WARN_OBJC_LITERAL_CONVERSION = YES;
				CLANG_WARN_OBJC_ROOT_CLASS = YES_ERROR;
				CLANG_WARN_QUOTED_INCLUDE_IN_FRAMEWORK_HEADER = YES;
				CLANG_WARN_RANGE_LOOP_ANALYSIS = YES;
				CLANG_WARN_STRICT_PROTOTYPES = YES;
				CLANG_WARN_SUSPICIOUS_MOVE = YES;
				CLANG_WARN_UNGUARDED_AVAILABILITY = YES_AGGRESSIVE;
				CLANG_WARN_UNREACHABLE_CODE = YES;
				CLANG_WARN__DUPLICATE_METHOD_MATCH = YES;
				COPY_PHASE_STRIP = NO;
				DEBUG_INFORMATION_FORMAT = "dwarf-with-dsym";
				ENABLE_NS_ASSERTIONS = NO;
				ENABLE_STRICT_OBJC_MSGSEND = YES;
				GCC_C_LANGUAGE_STANDARD = gnu11;
				GCC_NO_COMMON_BLOCKS = YES;
				GCC_WARN_64_TO_32_BIT_CONVERSION = YES;
				GCC_WARN_ABOUT_RETURN_TYPE = YES_ERROR;
				GCC_WARN_UNDECLARED_SELECTOR = YES;
				GCC_WARN_UNINITIALIZED_AUTOS = YES_AGGRESSIVE;
				GCC_WARN_UNUSED_FUNCTION = YES;
				GCC_WARN_UNUSED_VARIABLE = YES;
				IPHONEOS_DEPLOYMENT_TARGET = 15.0;
				MTL_ENABLE_DEBUG_INFO = NO;
				MTL_FAST_MATH = YES;
				SDKROOT = iphoneos;
				SWIFT_COMPILATION_MODE = wholemodule;
				SWIFT_OPTIMIZATION_LEVEL = "-O";
				VALIDATE_PRODUCT = YES;
			};
			name = Release;
		};
		C379E6B827DCF85400B75FFA /* Debug */ = {
			isa = XCBuildConfiguration;
			buildSettings = {
				ASSETCATALOG_COMPILER_APPICON_NAME = AppIcon;
				ASSETCATALOG_COMPILER_GLOBAL_ACCENT_COLOR_NAME = AccentColor;
				CODE_SIGN_STYLE = Automatic;
				CURRENT_PROJECT_VERSION = 1;
				DEVELOPMENT_TEAM = TFF9P2QP4C;
				GENERATE_INFOPLIST_FILE = YES;
				INFOPLIST_FILE = TableWithDragAndDrop/Info.plist;
				INFOPLIST_KEY_UIApplicationSupportsIndirectInputEvents = YES;
				INFOPLIST_KEY_UILaunchStoryboardName = LaunchScreen;
				INFOPLIST_KEY_UISupportedInterfaceOrientations_iPad = "UIInterfaceOrientationPortrait UIInterfaceOrientationPortraitUpsideDown UIInterfaceOrientationLandscapeLeft UIInterfaceOrientationLandscapeRight";
				INFOPLIST_KEY_UISupportedInterfaceOrientations_iPhone = "UIInterfaceOrientationPortrait UIInterfaceOrientationLandscapeLeft UIInterfaceOrientationLandscapeRight";
				LD_RUNPATH_SEARCH_PATHS = (
					"$(inherited)",
					"@executable_path/Frameworks",
				);
				MARKETING_VERSION = 1.0;
				PRODUCT_BUNDLE_IDENTIFIER = com.example.TableWithDragAndDrop;
				PRODUCT_NAME = "$(TARGET_NAME)";
				SWIFT_EMIT_LOC_STRINGS = YES;
				SWIFT_VERSION = 5.0;
				TARGETED_DEVICE_FAMILY = "1,2";
			};
			name = Debug;
		};
		C379E6B927DCF85400B75FFA /* Release */ = {
			isa = XCBuildConfiguration;
			buildSettings = {
				ASSETCATALOG_COMPILER_APPICON_NAME = AppIcon;
				ASSETCATALOG_COMPILER_GLOBAL_ACCENT_COLOR_NAME = AccentColor;
				CODE_SIGN_STYLE = Automatic;
				CURRENT_PROJECT_VERSION = 1;
				DEVELOPMENT_TEAM = TFF9P2QP4C;
				GENERATE_INFOPLIST_FILE = YES;
				INFOPLIST_FILE = TableWithDragAndDrop/Info.plist;
				INFOPLIST_KEY_UIApplicationSupportsIndirectInputEvents = YES;
				INFOPLIST_KEY_UILaunchStoryboardName = LaunchScreen;
				INFOPLIST_KEY_UISupportedInterfaceOrientations_iPad = "UIInterfaceOrientationPortrait UIInterfaceOrientationPortraitUpsideDown UIInterfaceOrientationLandscapeLeft UIInterfaceOrientationLandscapeRight";
				INFOPLIST_KEY_UISupportedInterfaceOrientations_iPhone = "UIInterfaceOrientationPortrait UIInterfaceOrientationLandscapeLeft UIInterfaceOrientationLandscapeRight";
				LD_RUNPATH_SEARCH_PATHS = (
					"$(inherited)",
					"@executable_path/Frameworks",
				);
				MARKETING_VERSION = 1.0;
				PRODUCT_BUNDLE_IDENTIFIER = com.example.TableWithDragAndDrop;
				PRODUCT_NAME = "$(TARGET_NAME)";
				SWIFT_EMIT_LOC_STRINGS = YES;
				SWIFT_VERSION = 5.0;
				TARGETED_DEVICE_FAMILY = "1,2";
			};
			name = Release;
		};
/* End XCBuildConfiguration section */

/* Begin XCConfigurationList section */
		C379E69E27DCF85100B75FFA /* Build configuration list for PBXProject "TableWithDragAndDrop" */ = {
			isa = XCConfigurationList;
			buildConfigurations = (
				C379E6B527DCF85400B75FFA /* Debug */,
				C379E6B627DCF85400B75FFA /* Release */,
			);
			defaultConfigurationIsVisible = 0;
			defaultConfigurationName = Release;
		};
		C379E6B727DCF85400B75FFA /* Build configuration list for PBXNativeTarget "TableWithDragAndDrop" */ = {
			isa = XCConfigurationList;
			buildConfigurations = (
				C379E6B827DCF85400B75FFA /* Debug */,
				C379E6B927DCF85400B75FFA /* Release */,
			);
			defaultConfigurationIsVisible = 0;
			defaultConfigurationName = Release;
		};
/* End XCConfigurationList section */
	};
	rootObject = C379E69B27DCF85100B75FFA /* Project object */;
}
